
Microsoft Visual Studio Solution File, Format Version 12.00
# Visual Studio 15
VisualStudioVersion = 15.0.28307.421
MinimumVisualStudioVersion = 10.0.40219.1
Project("{9A19103F-16F7-4668-BE54-9A1E7A4F7556}") = "TeamCommunication.DAL", "TeamCommunication.DAL\TeamCommunication.DAL.csproj", "{D69A6CE7-8C5B-45D3-88E8-55F9EB228F6D}"
EndProject
Project("{9A19103F-16F7-4668-BE54-9A1E7A4F7556}") = "TeamCommunication.DAL.Tests", "TeamCommunication.DAL.Tests\TeamCommunication.DAL.Tests.csproj", "{5CB5B1C5-05D9-4D93-941A-5D312D38F5CD}"
EndProject
Project("{9A19103F-16F7-4668-BE54-9A1E7A4F7556}") = "TeamCommunication.BL", "TeamCommunication.BL\TeamCommunication.BL.csproj", "{FACD680B-1376-4A92-B417-AC025BE15911}"
EndProject
Project("{FAE04EC0-301F-11D3-BF4B-00C04F79EFBC}") = "TeamCommunication.App", "TeamCommunication.App\TeamCommunication.App.csproj", "{D2A31CC1-9EB5-463C-BDCA-329E59B52850}"
EndProject
Project("{FAE04EC0-301F-11D3-BF4B-00C04F79EFBC}") = "TeamCommunication.BL.Tests", "TeamCommunication.BL.Tests\TeamCommunication.BL.Tests.csproj", "{043AE4A6-56F1-4AB4-AC32-71392706FF1A}"
EndProject
Project("{FAE04EC0-301F-11D3-BF4B-00C04F79EFBC}") = "TeamCommunication.API", "TeamCommunication.API\TeamCommunication.API.csproj", "{95D137F9-024F-418C-8798-3791B692EB79}"
EndProject
Global
	GlobalSection(SolutionConfigurationPlatforms) = preSolution
		Debug|Any CPU = Debug|Any CPU
		Release|Any CPU = Release|Any CPU
	EndGlobalSection
	GlobalSection(ProjectConfigurationPlatforms) = postSolution
		{D69A6CE7-8C5B-45D3-88E8-55F9EB228F6D}.Debug|Any CPU.ActiveCfg = Debug|Any CPU
		{D69A6CE7-8C5B-45D3-88E8-55F9EB228F6D}.Debug|Any CPU.Build.0 = Debug|Any CPU
		{D69A6CE7-8C5B-45D3-88E8-55F9EB228F6D}.Release|Any CPU.ActiveCfg = Release|Any CPU
		{D69A6CE7-8C5B-45D3-88E8-55F9EB228F6D}.Release|Any CPU.Build.0 = Release|Any CPU
		{5CB5B1C5-05D9-4D93-941A-5D312D38F5CD}.Debug|Any CPU.ActiveCfg = Debug|Any CPU
		{5CB5B1C5-05D9-4D93-941A-5D312D38F5CD}.Debug|Any CPU.Build.0 = Debug|Any CPU
		{5CB5B1C5-05D9-4D93-941A-5D312D38F5CD}.Release|Any CPU.ActiveCfg = Release|Any CPU
		{5CB5B1C5-05D9-4D93-941A-5D312D38F5CD}.Release|Any CPU.Build.0 = Release|Any CPU
		{FACD680B-1376-4A92-B417-AC025BE15911}.Debug|Any CPU.ActiveCfg = Debug|Any CPU
		{FACD680B-1376-4A92-B417-AC025BE15911}.Debug|Any CPU.Build.0 = Debug|Any CPU
		{FACD680B-1376-4A92-B417-AC025BE15911}.Release|Any CPU.ActiveCfg = Release|Any CPU
		{FACD680B-1376-4A92-B417-AC025BE15911}.Release|Any CPU.Build.0 = Release|Any CPU
		{D2A31CC1-9EB5-463C-BDCA-329E59B52850}.Debug|Any CPU.ActiveCfg = Debug|Any CPU
		{D2A31CC1-9EB5-463C-BDCA-329E59B52850}.Debug|Any CPU.Build.0 = Debug|Any CPU
		{D2A31CC1-9EB5-463C-BDCA-329E59B52850}.Release|Any CPU.ActiveCfg = Release|Any CPU
		{D2A31CC1-9EB5-463C-BDCA-329E59B52850}.Release|Any CPU.Build.0 = Release|Any CPU
		{043AE4A6-56F1-4AB4-AC32-71392706FF1A}.Debug|Any CPU.ActiveCfg = Debug|Any CPU
		{043AE4A6-56F1-4AB4-AC32-71392706FF1A}.Debug|Any CPU.Build.0 = Debug|Any CPU
		{043AE4A6-56F1-4AB4-AC32-71392706FF1A}.Release|Any CPU.ActiveCfg = Release|Any CPU
		{043AE4A6-56F1-4AB4-AC32-71392706FF1A}.Release|Any CPU.Build.0 = Release|Any CPU
		{95D137F9-024F-418C-8798-3791B692EB79}.Debug|Any CPU.ActiveCfg = Debug|Any CPU
		{95D137F9-024F-418C-8798-3791B692EB79}.Debug|Any CPU.Build.0 = Debug|Any CPU
		{95D137F9-024F-418C-8798-3791B692EB79}.Release|Any CPU.ActiveCfg = Release|Any CPU
		{95D137F9-024F-418C-8798-3791B692EB79}.Release|Any CPU.Build.0 = Release|Any CPU
	EndGlobalSection
	GlobalSection(SolutionProperties) = preSolution
		HideSolutionNode = FALSE
	EndGlobalSection
	GlobalSection(ExtensibilityGlobals) = postSolution
		SolutionGuid = {88AFCA48-B0D4-41D9-BDBF-53D212F0B54C}
	EndGlobalSection
EndGlobal
